
Microsoft Visual Studio Solution File, Format Version 12.00
# Visual Studio Version 16
VisualStudioVersion = 16.0.29411.108
MinimumVisualStudioVersion = 10.0.40219.1
Project("{9092AA53-FB77-4645-B42D-1CCCA6BD08BD}") = "p0-t0-esprima-logging", "p0-t0-esprima-logging.njsproj", "{CCF2C189-B2CE-4DB5-A7FF-3F3A5BAD432C}"
EndProject
Global
	GlobalSection(SolutionConfigurationPlatforms) = preSolution
		Debug|Any CPU = Debug|Any CPU
		Release|Any CPU = Release|Any CPU
	EndGlobalSection
	GlobalSection(ProjectConfigurationPlatforms) = postSolution
		{CCF2C189-B2CE-4DB5-A7FF-3F3A5BAD432C}.Debug|Any CPU.ActiveCfg = Debug|Any CPU
		{CCF2C189-B2CE-4DB5-A7FF-3F3A5BAD432C}.Debug|Any CPU.Build.0 = Debug|Any CPU
		{CCF2C189-B2CE-4DB5-A7FF-3F3A5BAD432C}.Release|Any CPU.ActiveCfg = Release|Any CPU
		{CCF2C189-B2CE-4DB5-A7FF-3F3A5BAD432C}.Release|Any CPU.Build.0 = Release|Any CPU
	EndGlobalSection
	GlobalSection(SolutionProperties) = preSolution
		HideSolutionNode = FALSE
	EndGlobalSection
	GlobalSection(ExtensibilityGlobals) = postSolution
		SolutionGuid = {D5788A8D-5F09-4979-A0FA-967EE8778905}
	EndGlobalSection
EndGlobal
